
Microsoft Visual Studio Solution File, Format Version 12.00
# Visual Studio Version 17
VisualStudioVersion = 17.3.32929.385
MinimumVisualStudioVersion = 10.0.40219.1
Project("{FAE04EC0-301F-11D3-BF4B-00C04F79EFBC}") = "QR", "QR\QR.csproj", "{EEFB0BED-94DF-4EB9-A5B6-83DAE9713DCD}"
EndProject
Global
	GlobalSection(SolutionConfigurationPlatforms) = preSolution
		Debug|Any CPU = Debug|Any CPU
		Release|Any CPU = Release|Any CPU
	EndGlobalSection
	GlobalSection(ProjectConfigurationPlatforms) = postSolution
		{EEFB0BED-94DF-4EB9-A5B6-83DAE9713DCD}.Debug|Any CPU.ActiveCfg = Debug|Any CPU
		{EEFB0BED-94DF-4EB9-A5B6-83DAE9713DCD}.Debug|Any CPU.Build.0 = Debug|Any CPU
		{EEFB0BED-94DF-4EB9-A5B6-83DAE9713DCD}.Release|Any CPU.ActiveCfg = Release|Any CPU
		{EEFB0BED-94DF-4EB9-A5B6-83DAE9713DCD}.Release|Any CPU.Build.0 = Release|Any CPU
	EndGlobalSection
	GlobalSection(SolutionProperties) = preSolution
		HideSolutionNode = FALSE
	EndGlobalSection
	GlobalSection(ExtensibilityGlobals) = postSolution
		SolutionGuid = {1BF8DE37-3C5B-4DA5-A816-7094454B2DAD}
	EndGlobalSection
EndGlobal
